// !$*UTF8*$!
{
	archiveVersion = 1;
	classes = {
	};
	objectVersion = 50;
	objects = {

/* Begin PBXBuildFile section */
		94DF7B8A22B2B94900568797 /* AppDelegate.swift in Sources */ = {isa = PBXBuildFile; fileRef = 94DF7B8922B2B94900568797 /* AppDelegate.swift */; };
		94DF7B8C22B2B94900568797 /* AppDetailController.swift in Sources */ = {isa = PBXBuildFile; fileRef = 94DF7B8B22B2B94900568797 /* AppDetailController.swift */; };
		94DF7B8F22B2B94900568797 /* Main.storyboard in Resources */ = {isa = PBXBuildFile; fileRef = 94DF7B8D22B2B94900568797 /* Main.storyboard */; };
		94DF7B9122B2B94C00568797 /* Assets.xcassets in Resources */ = {isa = PBXBuildFile; fileRef = 94DF7B9022B2B94C00568797 /* Assets.xcassets */; };
		94DF7B9422B2B94C00568797 /* LaunchScreen.storyboard in Resources */ = {isa = PBXBuildFile; fileRef = 94DF7B9222B2B94C00568797 /* LaunchScreen.storyboard */; };
		94DF7BA022B2B9C800568797 /* Extensions.swift in Sources */ = {isa = PBXBuildFile; fileRef = 94DF7B9C22B2B9C800568797 /* Extensions.swift */; };
		94DF7BA122B2B9C800568797 /* UIView+Layout.swift in Sources */ = {isa = PBXBuildFile; fileRef = 94DF7B9D22B2B9C800568797 /* UIView+Layout.swift */; };
		94DF7BA222B2B9C800568797 /* VerticalStackView.swift in Sources */ = {isa = PBXBuildFile; fileRef = 94DF7B9E22B2B9C800568797 /* VerticalStackView.swift */; };
		94DF7BA522B2BA2A00568797 /* BaseListController.swift in Sources */ = {isa = PBXBuildFile; fileRef = 94DF7BA422B2BA2A00568797 /* BaseListController.swift */; };
		94DF7BA722B2BA4C00568797 /* AppDetailCell.swift in Sources */ = {isa = PBXBuildFile; fileRef = 94DF7BA622B2BA4C00568797 /* AppDetailCell.swift */; };
		94DF7BA922B2BEF900568797 /* IncludesCell.swift in Sources */ = {isa = PBXBuildFile; fileRef = 94DF7BA822B2BEF900568797 /* IncludesCell.swift */; };
		94DF7BAB22B2C07B00568797 /* IncludesController.swift in Sources */ = {isa = PBXBuildFile; fileRef = 94DF7BAA22B2C07B00568797 /* IncludesController.swift */; };
		94DF7BAD22B2C0AF00568797 /* HorizontalSnappingController.swift in Sources */ = {isa = PBXBuildFile; fileRef = 94DF7BAC22B2C0AF00568797 /* HorizontalSnappingController.swift */; };
		94DF7BAF22B2C12F00568797 /* BetterSnappingLayout.swift in Sources */ = {isa = PBXBuildFile; fileRef = 94DF7BAE22B2C12F00568797 /* BetterSnappingLayout.swift */; };
		94DF7BB122B2C3EC00568797 /* ExtrasCell.swift in Sources */ = {isa = PBXBuildFile; fileRef = 94DF7BB022B2C3EC00568797 /* ExtrasCell.swift */; };
		94DF7BB322B2C6DB00568797 /* ExtrasController.swift in Sources */ = {isa = PBXBuildFile; fileRef = 94DF7BB222B2C6DB00568797 /* ExtrasController.swift */; };
		94DF7BB522B2C95600568797 /* ExtrasDetailCell.swift in Sources */ = {isa = PBXBuildFile; fileRef = 94DF7BB422B2C95600568797 /* ExtrasDetailCell.swift */; };
		94DF7BB722B3BE1900568797 /* Extras.swift in Sources */ = {isa = PBXBuildFile; fileRef = 94DF7BB622B3BE1900568797 /* Extras.swift */; };
		94DF7BB922B4483F00568797 /* IncludeTheseExtrasCell.swift in Sources */ = {isa = PBXBuildFile; fileRef = 94DF7BB822B4483F00568797 /* IncludeTheseExtrasCell.swift */; };
/* End PBXBuildFile section */

/* Begin PBXFileReference section */
		94DF7B8622B2B94900568797 /* CHICKEN.app */ = {isa = PBXFileReference; explicitFileType = wrapper.application; includeInIndex = 0; path = CHICKEN.app; sourceTree = BUILT_PRODUCTS_DIR; };
		94DF7B8922B2B94900568797 /* AppDelegate.swift */ = {isa = PBXFileReference; lastKnownFileType = sourcecode.swift; path = AppDelegate.swift; sourceTree = "<group>"; };
		94DF7B8B22B2B94900568797 /* AppDetailController.swift */ = {isa = PBXFileReference; lastKnownFileType = sourcecode.swift; path = AppDetailController.swift; sourceTree = "<group>"; };
		94DF7B8E22B2B94900568797 /* Base */ = {isa = PBXFileReference; lastKnownFileType = file.storyboard; name = Base; path = Base.lproj/Main.storyboard; sourceTree = "<group>"; };
		94DF7B9022B2B94C00568797 /* Assets.xcassets */ = {isa = PBXFileReference; lastKnownFileType = folder.assetcatalog; path = Assets.xcassets; sourceTree = "<group>"; };
		94DF7B9322B2B94C00568797 /* Base */ = {isa = PBXFileReference; lastKnownFileType = file.storyboard; name = Base; path = Base.lproj/LaunchScreen.storyboard; sourceTree = "<group>"; };
		94DF7B9522B2B94C00568797 /* Info.plist */ = {isa = PBXFileReference; lastKnownFileType = text.plist.xml; path = Info.plist; sourceTree = "<group>"; };
		94DF7B9C22B2B9C800568797 /* Extensions.swift */ = {isa = PBXFileReference; fileEncoding = 4; lastKnownFileType = sourcecode.swift; path = Extensions.swift; sourceTree = "<group>"; };
		94DF7B9D22B2B9C800568797 /* UIView+Layout.swift */ = {isa = PBXFileReference; fileEncoding = 4; lastKnownFileType = sourcecode.swift; path = "UIView+Layout.swift"; sourceTree = "<group>"; };
		94DF7B9E22B2B9C800568797 /* VerticalStackView.swift */ = {isa = PBXFileReference; fileEncoding = 4; lastKnownFileType = sourcecode.swift; path = VerticalStackView.swift; sourceTree = "<group>"; };
		94DF7BA422B2BA2A00568797 /* BaseListController.swift */ = {isa = PBXFileReference; fileEncoding = 4; lastKnownFileType = sourcecode.swift; path = BaseListController.swift; sourceTree = "<group>"; };
		94DF7BA622B2BA4C00568797 /* AppDetailCell.swift */ = {isa = PBXFileReference; fileEncoding = 4; lastKnownFileType = sourcecode.swift; path = AppDetailCell.swift; sourceTree = "<group>"; };
		94DF7BA822B2BEF900568797 /* IncludesCell.swift */ = {isa = PBXFileReference; lastKnownFileType = sourcecode.swift; path = IncludesCell.swift; sourceTree = "<group>"; };
		94DF7BAA22B2C07B00568797 /* IncludesController.swift */ = {isa = PBXFileReference; lastKnownFileType = sourcecode.swift; path = IncludesController.swift; sourceTree = "<group>"; };
		94DF7BAC22B2C0AF00568797 /* HorizontalSnappingController.swift */ = {isa = PBXFileReference; fileEncoding = 4; lastKnownFileType = sourcecode.swift; path = HorizontalSnappingController.swift; sourceTree = "<group>"; };
		94DF7BAE22B2C12F00568797 /* BetterSnappingLayout.swift */ = {isa = PBXFileReference; fileEncoding = 4; lastKnownFileType = sourcecode.swift; path = BetterSnappingLayout.swift; sourceTree = "<group>"; };
		94DF7BB022B2C3EC00568797 /* ExtrasCell.swift */ = {isa = PBXFileReference; lastKnownFileType = sourcecode.swift; path = ExtrasCell.swift; sourceTree = "<group>"; };
		94DF7BB222B2C6DB00568797 /* ExtrasController.swift */ = {isa = PBXFileReference; lastKnownFileType = sourcecode.swift; path = ExtrasController.swift; sourceTree = "<group>"; };
		94DF7BB422B2C95600568797 /* ExtrasDetailCell.swift */ = {isa = PBXFileReference; lastKnownFileType = sourcecode.swift; path = ExtrasDetailCell.swift; sourceTree = "<group>"; };
		94DF7BB622B3BE1900568797 /* Extras.swift */ = {isa = PBXFileReference; lastKnownFileType = sourcecode.swift; path = Extras.swift; sourceTree = "<group>"; };
		94DF7BB822B4483F00568797 /* IncludeTheseExtrasCell.swift */ = {isa = PBXFileReference; lastKnownFileType = sourcecode.swift; path = IncludeTheseExtrasCell.swift; sourceTree = "<group>"; };
/* End PBXFileReference section */

/* Begin PBXFrameworksBuildPhase section */
		94DF7B8322B2B94900568797 /* Frameworks */ = {
			isa = PBXFrameworksBuildPhase;
			buildActionMask = 2147483647;
			files = (
			);
			runOnlyForDeploymentPostprocessing = 0;
		};
/* End PBXFrameworksBuildPhase section */

/* Begin PBXGroup section */
		1D31465822B6EA19000D411F /* Model */ = {
			isa = PBXGroup;
			children = (
				94DF7BB622B3BE1900568797 /* Extras.swift */,
				94DF7BA422B2BA2A00568797 /* BaseListController.swift */,
			);
			path = Model;
			sourceTree = "<group>";
		};
		1D31465922B6EA23000D411F /* View */ = {
			isa = PBXGroup;
			children = (
				94DF7BB022B2C3EC00568797 /* ExtrasCell.swift */,
				94DF7BA822B2BEF900568797 /* IncludesCell.swift */,
				94DF7BB422B2C95600568797 /* ExtrasDetailCell.swift */,
				94DF7BB822B4483F00568797 /* IncludeTheseExtrasCell.swift */,
			);
			path = View;
			sourceTree = "<group>";
		};
		1D31465A22B6EA2A000D411F /* Controller */ = {
			isa = PBXGroup;
			children = (
				94DF7BB222B2C6DB00568797 /* ExtrasController.swift */,
				94DF7BAA22B2C07B00568797 /* IncludesController.swift */,
				94DF7B8B22B2B94900568797 /* AppDetailController.swift */,
			);
			path = Controller;
			sourceTree = "<group>";
		};
		94DF7B7D22B2B94900568797 = {
			isa = PBXGroup;
			children = (
				94DF7B8822B2B94900568797 /* CHICKEN */,
				94DF7B8722B2B94900568797 /* Products */,
			);
			sourceTree = "<group>";
		};
		94DF7B8722B2B94900568797 /* Products */ = {
			isa = PBXGroup;
			children = (
				94DF7B8622B2B94900568797 /* CHICKEN.app */,
			);
			name = Products;
			sourceTree = "<group>";
		};
		94DF7B8822B2B94900568797 /* CHICKEN */ = {
			isa = PBXGroup;
			children = (
				1D31465822B6EA19000D411F /* Model */,
				1D31465922B6EA23000D411F /* View */,
				1D31465A22B6EA2A000D411F /* Controller */,
				94DF7B9B22B2B9C800568797 /* Helpers */,
				94DF7B8922B2B94900568797 /* AppDelegate.swift */,
				94DF7BA622B2BA4C00568797 /* AppDetailCell.swift */,
				94DF7B8D22B2B94900568797 /* Main.storyboard */,
				94DF7B9022B2B94C00568797 /* Assets.xcassets */,
				94DF7B9222B2B94C00568797 /* LaunchScreen.storyboard */,
				94DF7B9522B2B94C00568797 /* Info.plist */,
			);
			path = CHICKEN;
			sourceTree = "<group>";
		};
		94DF7B9B22B2B9C800568797 /* Helpers */ = {
			isa = PBXGroup;
			children = (
				94DF7B9C22B2B9C800568797 /* Extensions.swift */,
				94DF7B9D22B2B9C800568797 /* UIView+Layout.swift */,
				94DF7BAC22B2C0AF00568797 /* HorizontalSnappingController.swift */,
				94DF7BAE22B2C12F00568797 /* BetterSnappingLayout.swift */,
				94DF7B9E22B2B9C800568797 /* VerticalStackView.swift */,
			);
			path = Helpers;
			sourceTree = "<group>";
		};
/* End PBXGroup section */

/* Begin PBXNativeTarget section */
		94DF7B8522B2B94900568797 /* CHICKEN */ = {
			isa = PBXNativeTarget;
			buildConfigurationList = 94DF7B9822B2B94C00568797 /* Build configuration list for PBXNativeTarget "CHICKEN" */;
			buildPhases = (
				94DF7B8222B2B94900568797 /* Sources */,
				94DF7B8322B2B94900568797 /* Frameworks */,
				94DF7B8422B2B94900568797 /* Resources */,
			);
			buildRules = (
			);
			dependencies = (
			);
			name = CHICKEN;
			productName = CHICKEN;
			productReference = 94DF7B8622B2B94900568797 /* CHICKEN.app */;
			productType = "com.apple.product-type.application";
		};
/* End PBXNativeTarget section */

/* Begin PBXProject section */
		94DF7B7E22B2B94900568797 /* Project object */ = {
			isa = PBXProject;
			attributes = {
				LastSwiftUpdateCheck = 1020;
				LastUpgradeCheck = 1020;
				ORGANIZATIONNAME = "Donald McAllister";
				TargetAttributes = {
					94DF7B8522B2B94900568797 = {
						CreatedOnToolsVersion = 10.2.1;
					};
				};
			};
			buildConfigurationList = 94DF7B8122B2B94900568797 /* Build configuration list for PBXProject "CHICKEN" */;
			compatibilityVersion = "Xcode 9.3";
			developmentRegion = en;
			hasScannedForEncodings = 0;
			knownRegions = (
				en,
				Base,
			);
			mainGroup = 94DF7B7D22B2B94900568797;
			productRefGroup = 94DF7B8722B2B94900568797 /* Products */;
			projectDirPath = "";
			projectRoot = "";
			targets = (
				94DF7B8522B2B94900568797 /* CHICKEN */,
			);
		};
/* End PBXProject section */

/* Begin PBXResourcesBuildPhase section */
		94DF7B8422B2B94900568797 /* Resources */ = {
			isa = PBXResourcesBuildPhase;
			buildActionMask = 2147483647;
			files = (
				94DF7B9422B2B94C00568797 /* LaunchScreen.storyboard in Resources */,
				94DF7B9122B2B94C00568797 /* Assets.xcassets in Resources */,
				94DF7B8F22B2B94900568797 /* Main.storyboard in Resources */,
			);
			runOnlyForDeploymentPostprocessing = 0;
		};
/* End PBXResourcesBuildPhase section */

/* Begin PBXSourcesBuildPhase section */
		94DF7B8222B2B94900568797 /* Sources */ = {
			isa = PBXSourcesBuildPhase;
			buildActionMask = 2147483647;
			files = (
				94DF7BA122B2B9C800568797 /* UIView+Layout.swift in Sources */,
				94DF7BB722B3BE1900568797 /* Extras.swift in Sources */,
				94DF7BAF22B2C12F00568797 /* BetterSnappingLayout.swift in Sources */,
				94DF7B8C22B2B94900568797 /* AppDetailController.swift in Sources */,
				94DF7BA022B2B9C800568797 /* Extensions.swift in Sources */,
				94DF7BB322B2C6DB00568797 /* ExtrasController.swift in Sources */,
				94DF7B8A22B2B94900568797 /* AppDelegate.swift in Sources */,
				94DF7BA922B2BEF900568797 /* IncludesCell.swift in Sources */,
				94DF7BB122B2C3EC00568797 /* ExtrasCell.swift in Sources */,
				94DF7BA522B2BA2A00568797 /* BaseListController.swift in Sources */,
				94DF7BB522B2C95600568797 /* ExtrasDetailCell.swift in Sources */,
				94DF7BB922B4483F00568797 /* IncludeTheseExtrasCell.swift in Sources */,
				94DF7BA722B2BA4C00568797 /* AppDetailCell.swift in Sources */,
				94DF7BAB22B2C07B00568797 /* IncludesController.swift in Sources */,
				94DF7BA222B2B9C800568797 /* VerticalStackView.swift in Sources */,
				94DF7BAD22B2C0AF00568797 /* HorizontalSnappingController.swift in Sources */,
			);
			runOnlyForDeploymentPostprocessing = 0;
		};
/* End PBXSourcesBuildPhase section */

/* Begin PBXVariantGroup section */
		94DF7B8D22B2B94900568797 /* Main.storyboard */ = {
			isa = PBXVariantGroup;
			children = (
				94DF7B8E22B2B94900568797 /* Base */,
			);
			name = Main.storyboard;
			sourceTree = "<group>";
		};
		94DF7B9222B2B94C00568797 /* LaunchScreen.storyboard */ = {
			isa = PBXVariantGroup;
			children = (
				94DF7B9322B2B94C00568797 /* Base */,
			);
			name = LaunchScreen.storyboard;
			sourceTree = "<group>";
		};
/* End PBXVariantGroup section */

/* Begin XCBuildConfiguration section */
		94DF7B9622B2B94C00568797 /* Debug */ = {
			isa = XCBuildConfiguration;
			buildSettings = {
				ALWAYS_SEARCH_USER_PATHS = NO;
				CLANG_ANALYZER_NONNULL = YES;
				CLANG_ANALYZER_NUMBER_OBJECT_CONVERSION = YES_AGGRESSIVE;
				CLANG_CXX_LANGUAGE_STANDARD = "gnu++14";
				CLANG_CXX_LIBRARY = "libc++";
				CLANG_ENABLE_MODULES = YES;
				CLANG_ENABLE_OBJC_ARC = YES;
				CLANG_ENABLE_OBJC_WEAK = YES;
				CLANG_WARN_BLOCK_CAPTURE_AUTORELEASING = YES;
				CLANG_WARN_BOOL_CONVERSION = YES;
				CLANG_WARN_COMMA = YES;
				CLANG_WARN_CONSTANT_CONVERSION = YES;
				CLANG_WARN_DEPRECATED_OBJC_IMPLEMENTATIONS = YES;
				CLANG_WARN_DIRECT_OBJC_ISA_USAGE = YES_ERROR;
				CLANG_WARN_DOCUMENTATION_COMMENTS = YES;
				CLANG_WARN_EMPTY_BODY = YES;
				CLANG_WARN_ENUM_CONVERSION = YES;
				CLANG_WARN_INFINITE_RECURSION = YES;
				CLANG_WARN_INT_CONVERSION = YES;
				CLANG_WARN_NON_LITERAL_NULL_CONVERSION = YES;
				CLANG_WARN_OBJC_IMPLICIT_RETAIN_SELF = YES;
				CLANG_WARN_OBJC_LITERAL_CONVERSION = YES;
				CLANG_WARN_OBJC_ROOT_CLASS = YES_ERROR;
				CLANG_WARN_RANGE_LOOP_ANALYSIS = YES;
				CLANG_WARN_STRICT_PROTOTYPES = YES;
				CLANG_WARN_SUSPICIOUS_MOVE = YES;
				CLANG_WARN_UNGUARDED_AVAILABILITY = YES_AGGRESSIVE;
				CLANG_WARN_UNREACHABLE_CODE = YES;
				CLANG_WARN__DUPLICATE_METHOD_MATCH = YES;
				CODE_SIGN_IDENTITY = "iPhone Developer";
				COPY_PHASE_STRIP = NO;
				DEBUG_INFORMATION_FORMAT = dwarf;
				ENABLE_STRICT_OBJC_MSGSEND = YES;
				ENABLE_TESTABILITY = YES;
				GCC_C_LANGUAGE_STANDARD = gnu11;
				GCC_DYNAMIC_NO_PIC = NO;
				GCC_NO_COMMON_BLOCKS = YES;
				GCC_OPTIMIZATION_LEVEL = 0;
				GCC_PREPROCESSOR_DEFINITIONS = (
					"DEBUG=1",
					"$(inherited)",
				);
				GCC_WARN_64_TO_32_BIT_CONVERSION = YES;
				GCC_WARN_ABOUT_RETURN_TYPE = YES_ERROR;
				GCC_WARN_UNDECLARED_SELECTOR = YES;
				GCC_WARN_UNINITIALIZED_AUTOS = YES_AGGRESSIVE;
				GCC_WARN_UNUSED_FUNCTION = YES;
				GCC_WARN_UNUSED_VARIABLE = YES;
				IPHONEOS_DEPLOYMENT_TARGET = 12.2;
				MTL_ENABLE_DEBUG_INFO = INCLUDE_SOURCE;
				MTL_FAST_MATH = YES;
				ONLY_ACTIVE_ARCH = YES;
				SDKROOT = iphoneos;
				SWIFT_ACTIVE_COMPILATION_CONDITIONS = DEBUG;
				SWIFT_OPTIMIZATION_LEVEL = "-Onone";
			};
			name = Debug;
		};
		94DF7B9722B2B94C00568797 /* Release */ = {
			isa = XCBuildConfiguration;
			buildSettings = {
				ALWAYS_SEARCH_USER_PATHS = NO;
				CLANG_ANALYZER_NONNULL = YES;
				CLANG_ANALYZER_NUMBER_OBJECT_CONVERSION = YES_AGGRESSIVE;
				CLANG_CXX_LANGUAGE_STANDARD = "gnu++14";
				CLANG_CXX_LIBRARY = "libc++";
				CLANG_ENABLE_MODULES = YES;
				CLANG_ENABLE_OBJC_ARC = YES;
				CLANG_ENABLE_OBJC_WEAK = YES;
				CLANG_WARN_BLOCK_CAPTURE_AUTORELEASING = YES;
				CLANG_WARN_BOOL_CONVERSION = YES;
				CLANG_WARN_COMMA = YES;
				CLANG_WARN_CONSTANT_CONVERSION = YES;
				CLANG_WARN_DEPRECATED_OBJC_IMPLEMENTATIONS = YES;
				CLANG_WARN_DIRECT_OBJC_ISA_USAGE = YES_ERROR;
				CLANG_WARN_DOCUMENTATION_COMMENTS = YES;
				CLANG_WARN_EMPTY_BODY = YES;
				CLANG_WARN_ENUM_CONVERSION = YES;
				CLANG_WARN_INFINITE_RECURSION = YES;
				CLANG_WARN_INT_CONVERSION = YES;
				CLANG_WARN_NON_LITERAL_NULL_CONVERSION = YES;
				CLANG_WARN_OBJC_IMPLICIT_RETAIN_SELF = YES;
				CLANG_WARN_OBJC_LITERAL_CONVERSION = YES;
				CLANG_WARN_OBJC_ROOT_CLASS = YES_ERROR;
				CLANG_WARN_RANGE_LOOP_ANALYSIS = YES;
				CLANG_WARN_STRICT_PROTOTYPES = YES;
				CLANG_WARN_SUSPICIOUS_MOVE = YES;
				CLANG_WARN_UNGUARDED_AVAILABILITY = YES_AGGRESSIVE;
				CLANG_WARN_UNREACHABLE_CODE = YES;
				CLANG_WARN__DUPLICATE_METHOD_MATCH = YES;
				CODE_SIGN_IDENTITY = "iPhone Developer";
				COPY_PHASE_STRIP = NO;
				DEBUG_INFORMATION_FORMAT = "dwarf-with-dsym";
				ENABLE_NS_ASSERTIONS = NO;
				ENABLE_STRICT_OBJC_MSGSEND = YES;
				GCC_C_LANGUAGE_STANDARD = gnu11;
				GCC_NO_COMMON_BLOCKS = YES;
				GCC_WARN_64_TO_32_BIT_CONVERSION = YES;
				GCC_WARN_ABOUT_RETURN_TYPE = YES_ERROR;
				GCC_WARN_UNDECLARED_SELECTOR = YES;
				GCC_WARN_UNINITIALIZED_AUTOS = YES_AGGRESSIVE;
				GCC_WARN_UNUSED_FUNCTION = YES;
				GCC_WARN_UNUSED_VARIABLE = YES;
				IPHONEOS_DEPLOYMENT_TARGET = 12.2;
				MTL_ENABLE_DEBUG_INFO = NO;
				MTL_FAST_MATH = YES;
				SDKROOT = iphoneos;
				SWIFT_COMPILATION_MODE = wholemodule;
				SWIFT_OPTIMIZATION_LEVEL = "-O";
				VALIDATE_PRODUCT = YES;
			};
			name = Release;
		};
		94DF7B9922B2B94C00568797 /* Debug */ = {
			isa = XCBuildConfiguration;
			buildSettings = {
				ASSETCATALOG_COMPILER_APPICON_NAME = AppIcon;
				CODE_SIGN_STYLE = Automatic;
				INFOPLIST_FILE = CHICKEN/Info.plist;
				LD_RUNPATH_SEARCH_PATHS = (
					"$(inherited)",
					"@executable_path/Frameworks",
				);
				PRODUCT_BUNDLE_IDENTIFIER = com.donaldmcallister.CHICKEN;
				PRODUCT_NAME = "$(TARGET_NAME)";
				SWIFT_VERSION = 5.0;
				TARGETED_DEVICE_FAMILY = "1,2";
			};
			name = Debug;
		};
		94DF7B9A22B2B94C00568797 /* Release */ = {
			isa = XCBuildConfiguration;
			buildSettings = {
				ASSETCATALOG_COMPILER_APPICON_NAME = AppIcon;
				CODE_SIGN_STYLE = Automatic;
				INFOPLIST_FILE = CHICKEN/Info.plist;
				LD_RUNPATH_SEARCH_PATHS = (
					"$(inherited)",
					"@executable_path/Frameworks",
				);
				PRODUCT_BUNDLE_IDENTIFIER = com.donaldmcallister.CHICKEN;
				PRODUCT_NAME = "$(TARGET_NAME)";
				SWIFT_VERSION = 5.0;
				TARGETED_DEVICE_FAMILY = "1,2";
			};
			name = Release;
		};
/* End XCBuildConfiguration section */

/* Begin XCConfigurationList section */
		94DF7B8122B2B94900568797 /* Build configuration list for PBXProject "CHICKEN" */ = {
			isa = XCConfigurationList;
			buildConfigurations = (
				94DF7B9622B2B94C00568797 /* Debug */,
				94DF7B9722B2B94C00568797 /* Release */,
			);
			defaultConfigurationIsVisible = 0;
			defaultConfigurationName = Release;
		};
		94DF7B9822B2B94C00568797 /* Build configuration list for PBXNativeTarget "CHICKEN" */ = {
			isa = XCConfigurationList;
			buildConfigurations = (
				94DF7B9922B2B94C00568797 /* Debug */,
				94DF7B9A22B2B94C00568797 /* Release */,
			);
			defaultConfigurationIsVisible = 0;
			defaultConfigurationName = Release;
		};
/* End XCConfigurationList section */
	};
	rootObject = 94DF7B7E22B2B94900568797 /* Project object */;
}
